id: ccsds_space_packet_extractor
label: CCSDS Space Packet Extractor
category: '[Meteor]'

parameters: []

inputs:
-   label: cadus
    domain: message
    dtype: message

outputs:
-   label: space_packets
    domain: message
    dtype: message

templates:
    imports: 'from ccsds_space_packet_extractor import ccsds_space_packet_extractor  #
        grc-generated hier_block'
    make: ccsds_space_packet_extractor()
    callbacks: []

documentation: ./ccsds_space_packet_extractor.py
grc_source: /Users/encse/projects/qpsk/meteor/ccsds_space_packet_extractor.grc

file_format: 1
