id: ccsds_image_sink
label: CCSDS Image Sink
category: '[Custom]'

templates:
  imports: from ccsds_image_sink import CcsdsImageSink
  make: CcsdsImageSink()

inputs:
  - domain: message
    id: in
    optional: false

outputs: 
  - domain: message
    id: img_out
    optional: false


parameters: []

file_format: 1